github.com/go-telegram/bot v1.14.2 h1:j9hXerxTuvkw7yFi3sF5jjRVGozNVKkMQSKjMeBJ5FY=
github.com/go-telegram/bot v1.14.2/go.mod h1:i2TRs7fXWIeaceF3z7KzsMt/he0TwkVC680mvdTFYeM=
github.com/gorilla/websocket v1.5.3 h1:saDtZ6Pbx/0u+bgYQ3q96pZgCzfhKXGPqt7kZ72aNNg=
github.com/gorilla/websocket v1.5.3/go.mod h1:YR8l580nyteQvAITg2hZ9XVh4b55+EU/adAjf1fMHhE=
github.com/joho/godotenv v1.5.1 h1:7eLL/+HRGLY0ldzfGMeQkb7vMd0as4CfYvUVzLqw0N0=
github.com/joho/godotenv v1.5.1/go.mod h1:f4LDr5Voq0i2e/R5DDNOoa2zzDfwtkZa6DnEwAbqwq4=
github.com/pgmod/envconfig v0.1.0 h1:uykW3qzJqifLhHH5zXV+du+540PyS7oKSLyyLTGb5KQ=
github.com/pgmod/envconfig v0.1.0/go.mod h1:w8Xist8KVRKdQdNH3JUVzg5S5tjcBcloSc0dYnM3rNs=
